
Microsoft Visual Studio Solution File, Format Version 12.00
# Visual Studio Version 17
VisualStudioVersion = 17.10.35013.160
MinimumVisualStudioVersion = 10.0.40219.1
Project("{FAE04EC0-301F-11D3-BF4B-00C04F79EFBC}") = "TransferBatch", "TransferBatch\TransferBatch.csproj", "{FAFFBB3C-143D-4D5F-8468-D0F47867A645}"
EndProject
Global
	GlobalSection(SolutionConfigurationPlatforms) = preSolution
		Debug|Any CPU = Debug|Any CPU
		Release|Any CPU = Release|Any CPU
	EndGlobalSection
	GlobalSection(ProjectConfigurationPlatforms) = postSolution
		{FAFFBB3C-143D-4D5F-8468-D0F47867A645}.Debug|Any CPU.ActiveCfg = Debug|Any CPU
		{FAFFBB3C-143D-4D5F-8468-D0F47867A645}.Debug|Any CPU.Build.0 = Debug|Any CPU
		{FAFFBB3C-143D-4D5F-8468-D0F47867A645}.Release|Any CPU.ActiveCfg = Release|Any CPU
		{FAFFBB3C-143D-4D5F-8468-D0F47867A645}.Release|Any CPU.Build.0 = Release|Any CPU
	EndGlobalSection
	GlobalSection(SolutionProperties) = preSolution
		HideSolutionNode = FALSE
	EndGlobalSection
	GlobalSection(ExtensibilityGlobals) = postSolution
		SolutionGuid = {45052F47-595A-4BA0-8CAA-81EA632C309B}
	EndGlobalSection
EndGlobal
